
Microsoft Visual Studio Solution File, Format Version 12.00
# Visual Studio 15
VisualStudioVersion = 15.0.28307.645
MinimumVisualStudioVersion = 10.0.40219.1
Project("{FAE04EC0-301F-11D3-BF4B-00C04F79EFBC}") = "ProductsEntityModel", "ProductsEntityModel\ProductsEntityModel.csproj", "{A2AAB687-E1B9-403B-A976-7AA356A41478}"
EndProject
Global
	GlobalSection(SolutionConfigurationPlatforms) = preSolution
		Debug|Any CPU = Debug|Any CPU
		Release|Any CPU = Release|Any CPU
	EndGlobalSection
	GlobalSection(ProjectConfigurationPlatforms) = postSolution
		{A2AAB687-E1B9-403B-A976-7AA356A41478}.Debug|Any CPU.ActiveCfg = Debug|Any CPU
		{A2AAB687-E1B9-403B-A976-7AA356A41478}.Debug|Any CPU.Build.0 = Debug|Any CPU
		{A2AAB687-E1B9-403B-A976-7AA356A41478}.Release|Any CPU.ActiveCfg = Release|Any CPU
		{A2AAB687-E1B9-403B-A976-7AA356A41478}.Release|Any CPU.Build.0 = Release|Any CPU
	EndGlobalSection
	GlobalSection(SolutionProperties) = preSolution
		HideSolutionNode = FALSE
	EndGlobalSection
	GlobalSection(ExtensibilityGlobals) = postSolution
		SolutionGuid = {BF7FCBA8-50C3-483A-B233-DAC8B4D08A9F}
	EndGlobalSection
EndGlobal
